{
  "originHash" : "0d7e239b47045b0e4b3ab7c92fad8b042ed81c26fa7c3d82a5d0da315d9d22c0",
  "pins" : [
    {
      "identity" : "servicesspm",
      "kind" : "remoteSourceControl",
      "location" : "https://github.com/amit-pandey11/ServicesSPM.git",
      "state" : {
        "revision" : "7d07248f544b9b1863c68da4a0b0039fb02db256",
        "version" : "0.0.27"
      }
    }
  ],
  "version" : 3
}
