{
  "originHash" : "0d7e239b47045b0e4b3ab7c92fad8b042ed81c26fa7c3d82a5d0da315d9d22c0",
  "pins" : [
    {
      "identity" : "servicesspm",
      "kind" : "remoteSourceControl",
      "location" : "https://github.com/amit-pandey11/ServicesSPM.git",
      "state" : {
        "revision" : "01ed77bdaef9b16472e153d0e216f9087a0b32d4",
        "version" : "0.0.16"
      }
    }
  ],
  "version" : 3
}
