// !$*UTF8*$!
{
	archiveVersion = 1;
	classes = {
	};
	objectVersion = 77;
	objects = {

/* Begin PBXBuildFile section */
		841152BF2E940071006EBCF3 /* ServicesSPM in Frameworks */ = {isa = PBXBuildFile; productRef = 841152BE2E940071006EBCF3 /* ServicesSPM */; };
/* End PBXBuildFile section */

/* Begin PBXContainerItemProxy section */
		841152A12E93F665006EBCF3 /* PBXContainerItemProxy */ = {
			isa = PBXContainerItemProxy;
			containerPortal = 841152892E93F664006EBCF3 /* Project object */;
			proxyType = 1;
			remoteGlobalIDString = 841152902E93F664006EBCF3;
			remoteInfo = "Xfinity-Demo";
		};
		841152AB2E93F665006EBCF3 /* PBXContainerItemProxy */ = {
			isa = PBXContainerItemProxy;
			containerPortal = 841152892E93F664006EBCF3 /* Project object */;
			proxyType = 1;
			remoteGlobalIDString = 841152902E93F664006EBCF3;
			remoteInfo = "Xfinity-Demo";
		};
/* End PBXContainerItemProxy section */

/* Begin PBXFileReference section */
		841152912E93F664006EBCF3 /* Xfinity-Demo.app */ = {isa = PBXFileReference; explicitFileType = wrapper.application; includeInIndex = 0; path = "Xfinity-Demo.app"; sourceTree = BUILT_PRODUCTS_DIR; };
		841152A02E93F665006EBCF3 /* Xfinity-DemoTests.xctest */ = {isa = PBXFileReference; explicitFileType = wrapper.cfbundle; includeInIndex = 0; path = "Xfinity-DemoTests.xctest"; sourceTree = BUILT_PRODUCTS_DIR; };
		841152AA2E93F665006EBCF3 /* Xfinity-DemoUITests.xctest */ = {isa = PBXFileReference; explicitFileType = wrapper.cfbundle; includeInIndex = 0; path = "Xfinity-DemoUITests.xctest"; sourceTree = BUILT_PRODUCTS_DIR; };
/* End PBXFileReference section */

/* Begin PBXFileSystemSynchronizedRootGroup section */
		841152932E93F664006EBCF3 /* Xfinity-Demo */ = {
			isa = PBXFileSystemSynchronizedRootGroup;
			path = "Xfinity-Demo";
			sourceTree = "<group>";
		};
		841152A32E93F665006EBCF3 /* Xfinity-DemoTests */ = {
			isa = PBXFileSystemSynchronizedRootGroup;
			path = "Xfinity-DemoTests";
			sourceTree = "<group>";
		};
		841152AD2E93F665006EBCF3 /* Xfinity-DemoUITests */ = {
			isa = PBXFileSystemSynchronizedRootGroup;
			path = "Xfinity-DemoUITests";
			sourceTree = "<group>";
		};
/* End PBXFileSystemSynchronizedRootGroup section */

/* Begin PBXFrameworksBuildPhase section */
		8411528E2E93F664006EBCF3 /* Frameworks */ = {
			isa = PBXFrameworksBuildPhase;
			buildActionMask = 2147483647;
			files = (
				841152BF2E940071006EBCF3 /* ServicesSPM in Frameworks */,
			);
			runOnlyForDeploymentPostprocessing = 0;
		};
		8411529D2E93F665006EBCF3 /* Frameworks */ = {
			isa = PBXFrameworksBuildPhase;
			buildActionMask = 2147483647;
			files = (
			);
			runOnlyForDeploymentPostprocessing = 0;
		};
		841152A72E93F665006EBCF3 /* Frameworks */ = {
			isa = PBXFrameworksBuildPhase;
			buildActionMask = 2147483647;
			files = (
			);
			runOnlyForDeploymentPostprocessing = 0;
		};
/* End PBXFrameworksBuildPhase section */

/* Begin PBXGroup section */
		841152882E93F664006EBCF3 = {
			isa = PBXGroup;
			children = (
				841152932E93F664006EBCF3 /* Xfinity-Demo */,
				841152A32E93F665006EBCF3 /* Xfinity-DemoTests */,
				841152AD2E93F665006EBCF3 /* Xfinity-DemoUITests */,
				841152922E93F664006EBCF3 /* Products */,
			);
			sourceTree = "<group>";
		};
		841152922E93F664006EBCF3 /* Products */ = {
			isa = PBXGroup;
			children = (
				841152912E93F664006EBCF3 /* Xfinity-Demo.app */,
				841152A02E93F665006EBCF3 /* Xfinity-DemoTests.xctest */,
				841152AA2E93F665006EBCF3 /* Xfinity-DemoUITests.xctest */,
			);
			name = Products;
			sourceTree = "<group>";
		};
/* End PBXGroup section */

/* Begin PBXNativeTarget section */
		841152902E93F664006EBCF3 /* Xfinity-Demo */ = {
			isa = PBXNativeTarget;
			buildConfigurationList = 841152B42E93F665006EBCF3 /* Build configuration list for PBXNativeTarget "Xfinity-Demo" */;
			buildPhases = (
				8411528D2E93F664006EBCF3 /* Sources */,
				8411528E2E93F664006EBCF3 /* Frameworks */,
				8411528F2E93F664006EBCF3 /* Resources */,
			);
			buildRules = (
			);
			dependencies = (
			);
			fileSystemSynchronizedGroups = (
				841152932E93F664006EBCF3 /* Xfinity-Demo */,
			);
			name = "Xfinity-Demo";
			packageProductDependencies = (
				841152BE2E940071006EBCF3 /* ServicesSPM */,
			);
			productName = "Xfinity-Demo";
			productReference = 841152912E93F664006EBCF3 /* Xfinity-Demo.app */;
			productType = "com.apple.product-type.application";
		};
		8411529F2E93F665006EBCF3 /* Xfinity-DemoTests */ = {
			isa = PBXNativeTarget;
			buildConfigurationList = 841152B72E93F665006EBCF3 /* Build configuration list for PBXNativeTarget "Xfinity-DemoTests" */;
			buildPhases = (
				8411529C2E93F665006EBCF3 /* Sources */,
				8411529D2E93F665006EBCF3 /* Frameworks */,
				8411529E2E93F665006EBCF3 /* Resources */,
			);
			buildRules = (
			);
			dependencies = (
				841152A22E93F665006EBCF3 /* PBXTargetDependency */,
			);
			fileSystemSynchronizedGroups = (
				841152A32E93F665006EBCF3 /* Xfinity-DemoTests */,
			);
			name = "Xfinity-DemoTests";
			packageProductDependencies = (
			);
			productName = "Xfinity-DemoTests";
			productReference = 841152A02E93F665006EBCF3 /* Xfinity-DemoTests.xctest */;
			productType = "com.apple.product-type.bundle.unit-test";
		};
		841152A92E93F665006EBCF3 /* Xfinity-DemoUITests */ = {
			isa = PBXNativeTarget;
			buildConfigurationList = 841152BA2E93F665006EBCF3 /* Build configuration list for PBXNativeTarget "Xfinity-DemoUITests" */;
			buildPhases = (
				841152A62E93F665006EBCF3 /* Sources */,
				841152A72E93F665006EBCF3 /* Frameworks */,
				841152A82E93F665006EBCF3 /* Resources */,
			);
			buildRules = (
			);
			dependencies = (
				841152AC2E93F665006EBCF3 /* PBXTargetDependency */,
			);
			fileSystemSynchronizedGroups = (
				841152AD2E93F665006EBCF3 /* Xfinity-DemoUITests */,
			);
			name = "Xfinity-DemoUITests";
			packageProductDependencies = (
			);
			productName = "Xfinity-DemoUITests";
			productReference = 841152AA2E93F665006EBCF3 /* Xfinity-DemoUITests.xctest */;
			productType = "com.apple.product-type.bundle.ui-testing";
		};
/* End PBXNativeTarget section */

/* Begin PBXProject section */
		841152892E93F664006EBCF3 /* Project object */ = {
			isa = PBXProject;
			attributes = {
				BuildIndependentTargetsInParallel = 1;
				LastSwiftUpdateCheck = 2600;
				LastUpgradeCheck = 2600;
				TargetAttributes = {
					841152902E93F664006EBCF3 = {
						CreatedOnToolsVersion = 26.0.1;
					};
					8411529F2E93F665006EBCF3 = {
						CreatedOnToolsVersion = 26.0.1;
						TestTargetID = 841152902E93F664006EBCF3;
					};
					841152A92E93F665006EBCF3 = {
						CreatedOnToolsVersion = 26.0.1;
						TestTargetID = 841152902E93F664006EBCF3;
					};
				};
			};
			buildConfigurationList = 8411528C2E93F664006EBCF3 /* Build configuration list for PBXProject "Xfinity-Demo" */;
			developmentRegion = en;
			hasScannedForEncodings = 0;
			knownRegions = (
				en,
				Base,
			);
			mainGroup = 841152882E93F664006EBCF3;
			minimizedProjectReferenceProxies = 1;
			packageReferences = (
				841152BD2E940071006EBCF3 /* XCRemoteSwiftPackageReference "ServicesSPM" */,
			);
			preferredProjectObjectVersion = 77;
			productRefGroup = 841152922E93F664006EBCF3 /* Products */;
			projectDirPath = "";
			projectRoot = "";
			targets = (
				841152902E93F664006EBCF3 /* Xfinity-Demo */,
				8411529F2E93F665006EBCF3 /* Xfinity-DemoTests */,
				841152A92E93F665006EBCF3 /* Xfinity-DemoUITests */,
			);
		};
/* End PBXProject section */

/* Begin PBXResourcesBuildPhase section */
		8411528F2E93F664006EBCF3 /* Resources */ = {
			isa = PBXResourcesBuildPhase;
			buildActionMask = 2147483647;
			files = (
			);
			runOnlyForDeploymentPostprocessing = 0;
		};
		8411529E2E93F665006EBCF3 /* Resources */ = {
			isa = PBXResourcesBuildPhase;
			buildActionMask = 2147483647;
			files = (
			);
			runOnlyForDeploymentPostprocessing = 0;
		};
		841152A82E93F665006EBCF3 /* Resources */ = {
			isa = PBXResourcesBuildPhase;
			buildActionMask = 2147483647;
			files = (
			);
			runOnlyForDeploymentPostprocessing = 0;
		};
/* End PBXResourcesBuildPhase section */

/* Begin PBXSourcesBuildPhase section */
		8411528D2E93F664006EBCF3 /* Sources */ = {
			isa = PBXSourcesBuildPhase;
			buildActionMask = 2147483647;
			files = (
			);
			runOnlyForDeploymentPostprocessing = 0;
		};
		8411529C2E93F665006EBCF3 /* Sources */ = {
			isa = PBXSourcesBuildPhase;
			buildActionMask = 2147483647;
			files = (
			);
			runOnlyForDeploymentPostprocessing = 0;
		};
		841152A62E93F665006EBCF3 /* Sources */ = {
			isa = PBXSourcesBuildPhase;
			buildActionMask = 2147483647;
			files = (
			);
			runOnlyForDeploymentPostprocessing = 0;
		};
/* End PBXSourcesBuildPhase section */

/* Begin PBXTargetDependency section */
		841152A22E93F665006EBCF3 /* PBXTargetDependency */ = {
			isa = PBXTargetDependency;
			target = 841152902E93F664006EBCF3 /* Xfinity-Demo */;
			targetProxy = 841152A12E93F665006EBCF3 /* PBXContainerItemProxy */;
		};
		841152AC2E93F665006EBCF3 /* PBXTargetDependency */ = {
			isa = PBXTargetDependency;
			target = 841152902E93F664006EBCF3 /* Xfinity-Demo */;
			targetProxy = 841152AB2E93F665006EBCF3 /* PBXContainerItemProxy */;
		};
/* End PBXTargetDependency section */

/* Begin XCBuildConfiguration section */
		841152B22E93F665006EBCF3 /* Debug */ = {
			isa = XCBuildConfiguration;
			buildSettings = {
				ALWAYS_SEARCH_USER_PATHS = NO;
				ASSETCATALOG_COMPILER_GENERATE_SWIFT_ASSET_SYMBOL_EXTENSIONS = YES;
				CLANG_ANALYZER_NONNULL = YES;
				CLANG_ANALYZER_NUMBER_OBJECT_CONVERSION = YES_AGGRESSIVE;
				CLANG_CXX_LANGUAGE_STANDARD = "gnu++20";
				CLANG_ENABLE_MODULES = YES;
				CLANG_ENABLE_OBJC_ARC = YES;
				CLANG_ENABLE_OBJC_WEAK = YES;
				CLANG_WARN_BLOCK_CAPTURE_AUTORELEASING = YES;
				CLANG_WARN_BOOL_CONVERSION = YES;
				CLANG_WARN_COMMA = YES;
				CLANG_WARN_CONSTANT_CONVERSION = YES;
				CLANG_WARN_DEPRECATED_OBJC_IMPLEMENTATIONS = YES;
				CLANG_WARN_DIRECT_OBJC_ISA_USAGE = YES_ERROR;
				CLANG_WARN_DOCUMENTATION_COMMENTS = YES;
				CLANG_WARN_EMPTY_BODY = YES;
				CLANG_WARN_ENUM_CONVERSION = YES;
				CLANG_WARN_INFINITE_RECURSION = YES;
				CLANG_WARN_INT_CONVERSION = YES;
				CLANG_WARN_NON_LITERAL_NULL_CONVERSION = YES;
				CLANG_WARN_OBJC_IMPLICIT_RETAIN_SELF = YES;
				CLANG_WARN_OBJC_LITERAL_CONVERSION = YES;
				CLANG_WARN_OBJC_ROOT_CLASS = YES_ERROR;
				CLANG_WARN_QUOTED_INCLUDE_IN_FRAMEWORK_HEADER = YES;
				CLANG_WARN_RANGE_LOOP_ANALYSIS = YES;
				CLANG_WARN_STRICT_PROTOTYPES = YES;
				CLANG_WARN_SUSPICIOUS_MOVE = YES;
				CLANG_WARN_UNGUARDED_AVAILABILITY = YES_AGGRESSIVE;
				CLANG_WARN_UNREACHABLE_CODE = YES;
				CLANG_WARN__DUPLICATE_METHOD_MATCH = YES;
				COPY_PHASE_STRIP = NO;
				DEBUG_INFORMATION_FORMAT = dwarf;
				ENABLE_STRICT_OBJC_MSGSEND = YES;
				ENABLE_TESTABILITY = YES;
				ENABLE_USER_SCRIPT_SANDBOXING = YES;
				GCC_C_LANGUAGE_STANDARD = gnu17;
				GCC_DYNAMIC_NO_PIC = NO;
				GCC_NO_COMMON_BLOCKS = YES;
				GCC_OPTIMIZATION_LEVEL = 0;
				GCC_PREPROCESSOR_DEFINITIONS = (
					"DEBUG=1",
					"$(inherited)",
				);
				GCC_WARN_64_TO_32_BIT_CONVERSION = YES;
				GCC_WARN_ABOUT_RETURN_TYPE = YES_ERROR;
				GCC_WARN_UNDECLARED_SELECTOR = YES;
				GCC_WARN_UNINITIALIZED_AUTOS = YES_AGGRESSIVE;
				GCC_WARN_UNUSED_FUNCTION = YES;
				GCC_WARN_UNUSED_VARIABLE = YES;
				IPHONEOS_DEPLOYMENT_TARGET = 26.0;
				LOCALIZATION_PREFERS_STRING_CATALOGS = YES;
				MTL_ENABLE_DEBUG_INFO = INCLUDE_SOURCE;
				MTL_FAST_MATH = YES;
				ONLY_ACTIVE_ARCH = YES;
				SDKROOT = iphoneos;
				SWIFT_ACTIVE_COMPILATION_CONDITIONS = "DEBUG $(inherited)";
				SWIFT_OPTIMIZATION_LEVEL = "-Onone";
			};
			name = Debug;
		};
		841152B32E93F665006EBCF3 /* Release */ = {
			isa = XCBuildConfiguration;
			buildSettings = {
				ALWAYS_SEARCH_USER_PATHS = NO;
				ASSETCATALOG_COMPILER_GENERATE_SWIFT_ASSET_SYMBOL_EXTENSIONS = YES;
				CLANG_ANALYZER_NONNULL = YES;
				CLANG_ANALYZER_NUMBER_OBJECT_CONVERSION = YES_AGGRESSIVE;
				CLANG_CXX_LANGUAGE_STANDARD = "gnu++20";
				CLANG_ENABLE_MODULES = YES;
				CLANG_ENABLE_OBJC_ARC = YES;
				CLANG_ENABLE_OBJC_WEAK = YES;
				CLANG_WARN_BLOCK_CAPTURE_AUTORELEASING = YES;
				CLANG_WARN_BOOL_CONVERSION = YES;
				CLANG_WARN_COMMA = YES;
				CLANG_WARN_CONSTANT_CONVERSION = YES;
				CLANG_WARN_DEPRECATED_OBJC_IMPLEMENTATIONS = YES;
				CLANG_WARN_DIRECT_OBJC_ISA_USAGE = YES_ERROR;
				CLANG_WARN_DOCUMENTATION_COMMENTS = YES;
				CLANG_WARN_EMPTY_BODY = YES;
				CLANG_WARN_ENUM_CONVERSION = YES;
				CLANG_WARN_INFINITE_RECURSION = YES;
				CLANG_WARN_INT_CONVERSION = YES;
				CLANG_WARN_NON_LITERAL_NULL_CONVERSION = YES;
				CLANG_WARN_OBJC_IMPLICIT_RETAIN_SELF = YES;
				CLANG_WARN_OBJC_LITERAL_CONVERSION = YES;
				CLANG_WARN_OBJC_ROOT_CLASS = YES_ERROR;
				CLANG_WARN_QUOTED_INCLUDE_IN_FRAMEWORK_HEADER = YES;
				CLANG_WARN_RANGE_LOOP_ANALYSIS = YES;
				CLANG_WARN_STRICT_PROTOTYPES = YES;
				CLANG_WARN_SUSPICIOUS_MOVE = YES;
				CLANG_WARN_UNGUARDED_AVAILABILITY = YES_AGGRESSIVE;
				CLANG_WARN_UNREACHABLE_CODE = YES;
				CLANG_WARN__DUPLICATE_METHOD_MATCH = YES;
				COPY_PHASE_STRIP = NO;
				DEBUG_INFORMATION_FORMAT = "dwarf-with-dsym";
				ENABLE_NS_ASSERTIONS = NO;
				ENABLE_STRICT_OBJC_MSGSEND = YES;
				ENABLE_USER_SCRIPT_SANDBOXING = YES;
				GCC_C_LANGUAGE_STANDARD = gnu17;
				GCC_NO_COMMON_BLOCKS = YES;
				GCC_WARN_64_TO_32_BIT_CONVERSION = YES;
				GCC_WARN_ABOUT_RETURN_TYPE = YES_ERROR;
				GCC_WARN_UNDECLARED_SELECTOR = YES;
				GCC_WARN_UNINITIALIZED_AUTOS = YES_AGGRESSIVE;
				GCC_WARN_UNUSED_FUNCTION = YES;
				GCC_WARN_UNUSED_VARIABLE = YES;
				IPHONEOS_DEPLOYMENT_TARGET = 26.0;
				LOCALIZATION_PREFERS_STRING_CATALOGS = YES;
				MTL_ENABLE_DEBUG_INFO = NO;
				MTL_FAST_MATH = YES;
				SDKROOT = iphoneos;
				SWIFT_COMPILATION_MODE = wholemodule;
				VALIDATE_PRODUCT = YES;
			};
			name = Release;
		};
		841152B52E93F665006EBCF3 /* Debug */ = {
			isa = XCBuildConfiguration;
			buildSettings = {
				ASSETCATALOG_COMPILER_APPICON_NAME = AppIcon;
				ASSETCATALOG_COMPILER_GLOBAL_ACCENT_COLOR_NAME = AccentColor;
				CODE_SIGN_STYLE = Automatic;
				CURRENT_PROJECT_VERSION = 1;
				ENABLE_PREVIEWS = YES;
				GENERATE_INFOPLIST_FILE = YES;
				INFOPLIST_KEY_UIApplicationSceneManifest_Generation = YES;
				INFOPLIST_KEY_UIApplicationSupportsIndirectInputEvents = YES;
				INFOPLIST_KEY_UILaunchScreen_Generation = YES;
				INFOPLIST_KEY_UISupportedInterfaceOrientations_iPad = "UIInterfaceOrientationPortrait UIInterfaceOrientationPortraitUpsideDown UIInterfaceOrientationLandscapeLeft UIInterfaceOrientationLandscapeRight";
				INFOPLIST_KEY_UISupportedInterfaceOrientations_iPhone = "UIInterfaceOrientationPortrait UIInterfaceOrientationLandscapeLeft UIInterfaceOrientationLandscapeRight";
				LD_RUNPATH_SEARCH_PATHS = (
					"$(inherited)",
					"@executable_path/Frameworks",
				);
				MARKETING_VERSION = 1.0;
				PRODUCT_BUNDLE_IDENTIFIER = "ap.net.xfinity.demo.Xfinity-Demo";
				PRODUCT_NAME = "$(TARGET_NAME)";
				STRING_CATALOG_GENERATE_SYMBOLS = YES;
				SWIFT_APPROACHABLE_CONCURRENCY = YES;
				SWIFT_DEFAULT_ACTOR_ISOLATION = MainActor;
				SWIFT_EMIT_LOC_STRINGS = YES;
				SWIFT_UPCOMING_FEATURE_MEMBER_IMPORT_VISIBILITY = YES;
				SWIFT_VERSION = 5.0;
				TARGETED_DEVICE_FAMILY = "1,2";
			};
			name = Debug;
		};
		841152B62E93F665006EBCF3 /* Release */ = {
			isa = XCBuildConfiguration;
			buildSettings = {
				ASSETCATALOG_COMPILER_APPICON_NAME = AppIcon;
				ASSETCATALOG_COMPILER_GLOBAL_ACCENT_COLOR_NAME = AccentColor;
				CODE_SIGN_STYLE = Automatic;
				CURRENT_PROJECT_VERSION = 1;
				ENABLE_PREVIEWS = YES;
				GENERATE_INFOPLIST_FILE = YES;
				INFOPLIST_KEY_UIApplicationSceneManifest_Generation = YES;
				INFOPLIST_KEY_UIApplicationSupportsIndirectInputEvents = YES;
				INFOPLIST_KEY_UILaunchScreen_Generation = YES;
				INFOPLIST_KEY_UISupportedInterfaceOrientations_iPad = "UIInterfaceOrientationPortrait UIInterfaceOrientationPortraitUpsideDown UIInterfaceOrientationLandscapeLeft UIInterfaceOrientationLandscapeRight";
				INFOPLIST_KEY_UISupportedInterfaceOrientations_iPhone = "UIInterfaceOrientationPortrait UIInterfaceOrientationLandscapeLeft UIInterfaceOrientationLandscapeRight";
				LD_RUNPATH_SEARCH_PATHS = (
					"$(inherited)",
					"@executable_path/Frameworks",
				);
				MARKETING_VERSION = 1.0;
				PRODUCT_BUNDLE_IDENTIFIER = "ap.net.xfinity.demo.Xfinity-Demo";
				PRODUCT_NAME = "$(TARGET_NAME)";
				STRING_CATALOG_GENERATE_SYMBOLS = YES;
				SWIFT_APPROACHABLE_CONCURRENCY = YES;
				SWIFT_DEFAULT_ACTOR_ISOLATION = MainActor;
				SWIFT_EMIT_LOC_STRINGS = YES;
				SWIFT_UPCOMING_FEATURE_MEMBER_IMPORT_VISIBILITY = YES;
				SWIFT_VERSION = 5.0;
				TARGETED_DEVICE_FAMILY = "1,2";
			};
			name = Release;
		};
		841152B82E93F665006EBCF3 /* Debug */ = {
			isa = XCBuildConfiguration;
			buildSettings = {
				BUNDLE_LOADER = "$(TEST_HOST)";
				CODE_SIGN_STYLE = Automatic;
				CURRENT_PROJECT_VERSION = 1;
				GENERATE_INFOPLIST_FILE = YES;
				IPHONEOS_DEPLOYMENT_TARGET = 26.0;
				MARKETING_VERSION = 1.0;
				PRODUCT_BUNDLE_IDENTIFIER = "ap.net.xfinity.demo.Xfinity-DemoTests";
				PRODUCT_NAME = "$(TARGET_NAME)";
				STRING_CATALOG_GENERATE_SYMBOLS = NO;
				SWIFT_APPROACHABLE_CONCURRENCY = YES;
				SWIFT_EMIT_LOC_STRINGS = NO;
				SWIFT_UPCOMING_FEATURE_MEMBER_IMPORT_VISIBILITY = YES;
				SWIFT_VERSION = 5.0;
				TARGETED_DEVICE_FAMILY = "1,2";
				TEST_HOST = "$(BUILT_PRODUCTS_DIR)/Xfinity-Demo.app/$(BUNDLE_EXECUTABLE_FOLDER_PATH)/Xfinity-Demo";
			};
			name = Debug;
		};
		841152B92E93F665006EBCF3 /* Release */ = {
			isa = XCBuildConfiguration;
			buildSettings = {
				BUNDLE_LOADER = "$(TEST_HOST)";
				CODE_SIGN_STYLE = Automatic;
				CURRENT_PROJECT_VERSION = 1;
				GENERATE_INFOPLIST_FILE = YES;
				IPHONEOS_DEPLOYMENT_TARGET = 26.0;
				MARKETING_VERSION = 1.0;
				PRODUCT_BUNDLE_IDENTIFIER = "ap.net.xfinity.demo.Xfinity-DemoTests";
				PRODUCT_NAME = "$(TARGET_NAME)";
				STRING_CATALOG_GENERATE_SYMBOLS = NO;
				SWIFT_APPROACHABLE_CONCURRENCY = YES;
				SWIFT_EMIT_LOC_STRINGS = NO;
				SWIFT_UPCOMING_FEATURE_MEMBER_IMPORT_VISIBILITY = YES;
				SWIFT_VERSION = 5.0;
				TARGETED_DEVICE_FAMILY = "1,2";
				TEST_HOST = "$(BUILT_PRODUCTS_DIR)/Xfinity-Demo.app/$(BUNDLE_EXECUTABLE_FOLDER_PATH)/Xfinity-Demo";
			};
			name = Release;
		};
		841152BB2E93F665006EBCF3 /* Debug */ = {
			isa = XCBuildConfiguration;
			buildSettings = {
				CODE_SIGN_STYLE = Automatic;
				CURRENT_PROJECT_VERSION = 1;
				GENERATE_INFOPLIST_FILE = YES;
				MARKETING_VERSION = 1.0;
				PRODUCT_BUNDLE_IDENTIFIER = "ap.net.xfinity.demo.Xfinity-DemoUITests";
				PRODUCT_NAME = "$(TARGET_NAME)";
				STRING_CATALOG_GENERATE_SYMBOLS = NO;
				SWIFT_APPROACHABLE_CONCURRENCY = YES;
				SWIFT_EMIT_LOC_STRINGS = NO;
				SWIFT_UPCOMING_FEATURE_MEMBER_IMPORT_VISIBILITY = YES;
				SWIFT_VERSION = 5.0;
				TARGETED_DEVICE_FAMILY = "1,2";
				TEST_TARGET_NAME = "Xfinity-Demo";
			};
			name = Debug;
		};
		841152BC2E93F665006EBCF3 /* Release */ = {
			isa = XCBuildConfiguration;
			buildSettings = {
				CODE_SIGN_STYLE = Automatic;
				CURRENT_PROJECT_VERSION = 1;
				GENERATE_INFOPLIST_FILE = YES;
				MARKETING_VERSION = 1.0;
				PRODUCT_BUNDLE_IDENTIFIER = "ap.net.xfinity.demo.Xfinity-DemoUITests";
				PRODUCT_NAME = "$(TARGET_NAME)";
				STRING_CATALOG_GENERATE_SYMBOLS = NO;
				SWIFT_APPROACHABLE_CONCURRENCY = YES;
				SWIFT_EMIT_LOC_STRINGS = NO;
				SWIFT_UPCOMING_FEATURE_MEMBER_IMPORT_VISIBILITY = YES;
				SWIFT_VERSION = 5.0;
				TARGETED_DEVICE_FAMILY = "1,2";
				TEST_TARGET_NAME = "Xfinity-Demo";
			};
			name = Release;
		};
/* End XCBuildConfiguration section */

/* Begin XCConfigurationList section */
		8411528C2E93F664006EBCF3 /* Build configuration list for PBXProject "Xfinity-Demo" */ = {
			isa = XCConfigurationList;
			buildConfigurations = (
				841152B22E93F665006EBCF3 /* Debug */,
				841152B32E93F665006EBCF3 /* Release */,
			);
			defaultConfigurationIsVisible = 0;
			defaultConfigurationName = Release;
		};
		841152B42E93F665006EBCF3 /* Build configuration list for PBXNativeTarget "Xfinity-Demo" */ = {
			isa = XCConfigurationList;
			buildConfigurations = (
				841152B52E93F665006EBCF3 /* Debug */,
				841152B62E93F665006EBCF3 /* Release */,
			);
			defaultConfigurationIsVisible = 0;
			defaultConfigurationName = Release;
		};
		841152B72E93F665006EBCF3 /* Build configuration list for PBXNativeTarget "Xfinity-DemoTests" */ = {
			isa = XCConfigurationList;
			buildConfigurations = (
				841152B82E93F665006EBCF3 /* Debug */,
				841152B92E93F665006EBCF3 /* Release */,
			);
			defaultConfigurationIsVisible = 0;
			defaultConfigurationName = Release;
		};
		841152BA2E93F665006EBCF3 /* Build configuration list for PBXNativeTarget "Xfinity-DemoUITests" */ = {
			isa = XCConfigurationList;
			buildConfigurations = (
				841152BB2E93F665006EBCF3 /* Debug */,
				841152BC2E93F665006EBCF3 /* Release */,
			);
			defaultConfigurationIsVisible = 0;
			defaultConfigurationName = Release;
		};
/* End XCConfigurationList section */

/* Begin XCRemoteSwiftPackageReference section */
		841152BD2E940071006EBCF3 /* XCRemoteSwiftPackageReference "ServicesSPM" */ = {
			isa = XCRemoteSwiftPackageReference;
			repositoryURL = "https://github.com/amit-pandey11/ServicesSPM.git";
			requirement = {
				branch = main;
				kind = branch;
			};
		};
/* End XCRemoteSwiftPackageReference section */

/* Begin XCSwiftPackageProductDependency section */
		841152BE2E940071006EBCF3 /* ServicesSPM */ = {
			isa = XCSwiftPackageProductDependency;
			package = 841152BD2E940071006EBCF3 /* XCRemoteSwiftPackageReference "ServicesSPM" */;
			productName = ServicesSPM;
		};
/* End XCSwiftPackageProductDependency section */
	};
	rootObject = 841152892E93F664006EBCF3 /* Project object */;
}
